
Microsoft Visual Studio Solution File, Format Version 12.00
# Visual Studio Version 17
VisualStudioVersion = 17.7.34302.85
MinimumVisualStudioVersion = 10.0.40219.1
Project("{9A19103F-16F7-4668-BE54-9A1E7A4F7556}") = "RunConsoleApp", "RunConsoleApp\RunConsoleApp.csproj", "{F4B99C9F-A607-4EF6-A008-B0DDC9CD502B}"
EndProject
Project("{9A19103F-16F7-4668-BE54-9A1E7A4F7556}") = "RunLib", "RunLib\RunLib.csproj", "{F11CA865-4440-4AB0-B831-A0EB99BF6AF2}"
EndProject
Project("{9A19103F-16F7-4668-BE54-9A1E7A4F7556}") = "RunLibTests", "RunLibTests\RunLibTests.csproj", "{068E3435-175D-4166-B171-CB7D996090E9}"
EndProject
Project("{9A19103F-16F7-4668-BE54-9A1E7A4F7556}") = "RunningRazor", "RunningRazor\RunningRazor.csproj", "{B6A4F446-21E5-4BEE-973C-CBDFD3ABC041}"
EndProject
Global
	GlobalSection(SolutionConfigurationPlatforms) = preSolution
		Debug|Any CPU = Debug|Any CPU
		Release|Any CPU = Release|Any CPU
	EndGlobalSection
	GlobalSection(ProjectConfigurationPlatforms) = postSolution
		{F4B99C9F-A607-4EF6-A008-B0DDC9CD502B}.Debug|Any CPU.ActiveCfg = Debug|Any CPU
		{F4B99C9F-A607-4EF6-A008-B0DDC9CD502B}.Debug|Any CPU.Build.0 = Debug|Any CPU
		{F4B99C9F-A607-4EF6-A008-B0DDC9CD502B}.Release|Any CPU.ActiveCfg = Release|Any CPU
		{F4B99C9F-A607-4EF6-A008-B0DDC9CD502B}.Release|Any CPU.Build.0 = Release|Any CPU
		{F11CA865-4440-4AB0-B831-A0EB99BF6AF2}.Debug|Any CPU.ActiveCfg = Debug|Any CPU
		{F11CA865-4440-4AB0-B831-A0EB99BF6AF2}.Debug|Any CPU.Build.0 = Debug|Any CPU
		{F11CA865-4440-4AB0-B831-A0EB99BF6AF2}.Release|Any CPU.ActiveCfg = Release|Any CPU
		{F11CA865-4440-4AB0-B831-A0EB99BF6AF2}.Release|Any CPU.Build.0 = Release|Any CPU
		{068E3435-175D-4166-B171-CB7D996090E9}.Debug|Any CPU.ActiveCfg = Debug|Any CPU
		{068E3435-175D-4166-B171-CB7D996090E9}.Debug|Any CPU.Build.0 = Debug|Any CPU
		{068E3435-175D-4166-B171-CB7D996090E9}.Release|Any CPU.ActiveCfg = Release|Any CPU
		{068E3435-175D-4166-B171-CB7D996090E9}.Release|Any CPU.Build.0 = Release|Any CPU
		{B6A4F446-21E5-4BEE-973C-CBDFD3ABC041}.Debug|Any CPU.ActiveCfg = Debug|Any CPU
		{B6A4F446-21E5-4BEE-973C-CBDFD3ABC041}.Debug|Any CPU.Build.0 = Debug|Any CPU
		{B6A4F446-21E5-4BEE-973C-CBDFD3ABC041}.Release|Any CPU.ActiveCfg = Release|Any CPU
		{B6A4F446-21E5-4BEE-973C-CBDFD3ABC041}.Release|Any CPU.Build.0 = Release|Any CPU
	EndGlobalSection
	GlobalSection(SolutionProperties) = preSolution
		HideSolutionNode = FALSE
	EndGlobalSection
	GlobalSection(ExtensibilityGlobals) = postSolution
		SolutionGuid = {1E15B629-0272-42EA-9F96-EFB74A3618C9}
	EndGlobalSection
EndGlobal
